PODS:
  - Alamofire (5.4.0)
  - DLRadioButton (1.4.12)
  - SnapKit (5.0.1)

DEPENDENCIES:
  - Alamofire (~> 5.2)
  - DLRadioButton (~> 1.4)
  - SnapKit (~> 5.0.0)

SPEC REPOS:
  trunk:
    - Alamofire
    - DLRadioButton
    - SnapKit

SPEC CHECKSUMS:
  Alamofire: 3b6a534a3df22db367e4dedeeca73d1ddfcf0e2f
  DLRadioButton: d7c4e225ed0e8013cef7be61455230c7557ad7c1
  SnapKit: 97b92857e3df3a0c71833cce143274bf6ef8e5eb

PODFILE CHECKSUM: cd173e84b9c4989d17c899f58f1fc713a938a7e3

COCOAPODS: 1.10.1
